
Microsoft Visual Studio Solution File, Format Version 12.00
# Visual Studio 2013
VisualStudioVersion = 12.0.31101.0
MinimumVisualStudioVersion = 10.0.40219.1
Project("{FAE04EC0-301F-11D3-BF4B-00C04F79EFBC}") = "CR.CharitiesOnline", "CharitiesOnline\CR.CharitiesOnline.csproj", "{EEB1C9C1-4638-4D30-9750-B5C0414668D1}"
EndProject
Project("{2150E333-8FDC-42A3-9474-1A3956D46DE8}") = "Solution Items", "Solution Items", "{D5554A60-F9F7-4934-A5D4-B5B89D57996C}"
EndProject
Project("{FAE04EC0-301F-11D3-BF4B-00C04F79EFBC}") = "CR.HMRCServiceClasses", "CR.HMRCServiceClasses\CR.HMRCServiceClasses.csproj", "{A80CDEA5-22D9-48B6-853C-5D9FDB9C7D8A}"
EndProject
Project("{FAE04EC0-301F-11D3-BF4B-00C04F79EFBC}") = "CR.Infrastructure", "CR.Infrastructure\CR.Infrastructure.csproj", "{A64217D1-B0A1-4002-A85C-B8E1B2185E08}"
EndProject
Project("{FAE04EC0-301F-11D3-BF4B-00C04F79EFBC}") = "CR.CO.Demo", "CR.CO.Demo\CR.CO.Demo.csproj", "{31359A04-B829-4321-B2EB-901316E6DAB8}"
EndProject
Global
	GlobalSection(SolutionConfigurationPlatforms) = preSolution
		Debug|Any CPU = Debug|Any CPU
		Release|Any CPU = Release|Any CPU
	EndGlobalSection
	GlobalSection(ProjectConfigurationPlatforms) = postSolution
		{EEB1C9C1-4638-4D30-9750-B5C0414668D1}.Debug|Any CPU.ActiveCfg = Debug|Any CPU
		{EEB1C9C1-4638-4D30-9750-B5C0414668D1}.Debug|Any CPU.Build.0 = Debug|Any CPU
		{EEB1C9C1-4638-4D30-9750-B5C0414668D1}.Release|Any CPU.ActiveCfg = Release|Any CPU
		{EEB1C9C1-4638-4D30-9750-B5C0414668D1}.Release|Any CPU.Build.0 = Release|Any CPU
		{A80CDEA5-22D9-48B6-853C-5D9FDB9C7D8A}.Debug|Any CPU.ActiveCfg = Debug|Any CPU
		{A80CDEA5-22D9-48B6-853C-5D9FDB9C7D8A}.Debug|Any CPU.Build.0 = Debug|Any CPU
		{A80CDEA5-22D9-48B6-853C-5D9FDB9C7D8A}.Release|Any CPU.ActiveCfg = Release|Any CPU
		{A80CDEA5-22D9-48B6-853C-5D9FDB9C7D8A}.Release|Any CPU.Build.0 = Release|Any CPU
		{A64217D1-B0A1-4002-A85C-B8E1B2185E08}.Debug|Any CPU.ActiveCfg = Debug|Any CPU
		{A64217D1-B0A1-4002-A85C-B8E1B2185E08}.Debug|Any CPU.Build.0 = Debug|Any CPU
		{A64217D1-B0A1-4002-A85C-B8E1B2185E08}.Release|Any CPU.ActiveCfg = Release|Any CPU
		{A64217D1-B0A1-4002-A85C-B8E1B2185E08}.Release|Any CPU.Build.0 = Release|Any CPU
		{31359A04-B829-4321-B2EB-901316E6DAB8}.Debug|Any CPU.ActiveCfg = Debug|Any CPU
		{31359A04-B829-4321-B2EB-901316E6DAB8}.Debug|Any CPU.Build.0 = Debug|Any CPU
		{31359A04-B829-4321-B2EB-901316E6DAB8}.Release|Any CPU.ActiveCfg = Release|Any CPU
		{31359A04-B829-4321-B2EB-901316E6DAB8}.Release|Any CPU.Build.0 = Release|Any CPU
	EndGlobalSection
	GlobalSection(SolutionProperties) = preSolution
		HideSolutionNode = FALSE
	EndGlobalSection
EndGlobal
